
Microsoft Visual Studio Solution File, Format Version 11.00
# Visual Studio 2010
Project("{8BC9CEB8-8B4A-11D0-8D11-00A0C91BC942}") = "Socket", "Socket\Socket.vcxproj", "{98D1925C-0E9D-4075-B644-6BF9CB7C2B0D}"
EndProject
Global
	GlobalSection(SolutionConfigurationPlatforms) = preSolution
		Debug|Win32 = Debug|Win32
		Release|Win32 = Release|Win32
	EndGlobalSection
	GlobalSection(ProjectConfigurationPlatforms) = postSolution
		{98D1925C-0E9D-4075-B644-6BF9CB7C2B0D}.Debug|Win32.ActiveCfg = Debug|Win32
		{98D1925C-0E9D-4075-B644-6BF9CB7C2B0D}.Debug|Win32.Build.0 = Debug|Win32
		{98D1925C-0E9D-4075-B644-6BF9CB7C2B0D}.Release|Win32.ActiveCfg = Release|Win32
		{98D1925C-0E9D-4075-B644-6BF9CB7C2B0D}.Release|Win32.Build.0 = Release|Win32
	EndGlobalSection
	GlobalSection(SolutionProperties) = preSolution
		HideSolutionNode = FALSE
	EndGlobalSection
EndGlobal
